version = 1
revision = 2
requires-python = ">=3.12"
resolution-markers = [
    "python_full_version >= '3.12.4'",
    "python_full_version < '3.12.4'",
]

[[package]]
name = "attrs"
version = "25.1.0"
source = { registry = "https://pypi.org/simple" }
sdist = { url = "https://files.pythonhosted.org/packages/49/7c/fdf464bcc51d23881d110abd74b512a42b3d5d376a55a831b44c603ae17f/attrs-25.1.0.tar.gz", hash = "sha256:1c97078a80c814273a76b2a298a932eb681c87415c11dee0a6921de7f1b02c3e", size = 810562, upload-time = "2025-01-25T11:30:12.508Z" }
wheels = [
    { url = "https://files.pythonhosted.org/packages/fc/30/d4986a882011f9df997a55e6becd864812ccfcd821d64aac8570ee39f719/attrs-25.1.0-py3-none-any.whl", hash = "sha256:c75a69e28a550a7e93789579c22aa26b0f5b83b75dc4e08fe092980051e1090a", size = 63152, upload-time = "2025-01-25T11:30:10.164Z" },
]

[[package]]
name = "gary"
version = "0.2.0"
source = { virtual = "." }
dependencies = [
    { name = "jsonschema" },
    { name = "networkx" },
]

[package.metadata]
requires-dist = [
    { name = "jsonschema" },
    { name = "networkx" },
]

[[package]]
name = "jsonschema"
version = "4.24.0"
source = { registry = "https://pypi.org/simple" }
dependencies = [
    { name = "attrs" },
    { name = "jsonschema-specifications" },
    { name = "referencing" },
    { name = "rpds-py" },
]
sdist = { url = "https://files.pythonhosted.org/packages/bf/d3/1cf5326b923a53515d8f3a2cd442e6d7e94fcc444716e879ea70a0ce3177/jsonschema-4.24.0.tar.gz", hash = "sha256:0b4e8069eb12aedfa881333004bccaec24ecef5a8a6a4b6df142b2cc9599d196", size = 353480, upload-time = "2025-05-26T18:48:10.459Z" }
wheels = [
    { url = "https://files.pythonhosted.org/packages/a2/3d/023389198f69c722d039351050738d6755376c8fd343e91dc493ea485905/jsonschema-4.24.0-py3-none-any.whl", hash = "sha256:a462455f19f5faf404a7902952b6f0e3ce868f3ee09a359b05eca6673bd8412d", size = 88709, upload-time = "2025-05-26T18:48:08.417Z" },
]

[[package]]
name = "jsonschema-specifications"
version = "2025.4.1"
source = { registry = "https://pypi.org/simple" }
dependencies = [
    { name = "referencing" },
]
sdist = { url = "https://files.pythonhosted.org/packages/bf/ce/46fbd9c8119cfc3581ee5643ea49464d168028cfb5caff5fc0596d0cf914/jsonschema_specifications-2025.4.1.tar.gz", hash = "sha256:630159c9f4dbea161a6a2205c3011cc4f18ff381b189fff48bb39b9bf26ae608", size = 15513, upload-time = "2025-04-23T12:34:07.418Z" }
wheels = [
    { url = "https://files.pythonhosted.org/packages/01/0e/b27cdbaccf30b890c40ed1da9fd4a3593a5cf94dae54fb34f8a4b74fcd3f/jsonschema_specifications-2025.4.1-py3-none-any.whl", hash = "sha256:4653bffbd6584f7de83a67e0d620ef16900b390ddc7939d56684d6c81e33f1af", size = 18437, upload-time = "2025-04-23T12:34:05.422Z" },
]

[[package]]
name = "networkx"
version = "3.5"
source = { registry = "https://pypi.org/simple" }
sdist = { url = "https://files.pythonhosted.org/packages/6c/4f/ccdb8ad3a38e583f214547fd2f7ff1fc160c43a75af88e6aec213404b96a/networkx-3.5.tar.gz", hash = "sha256:d4c6f9cf81f52d69230866796b82afbccdec3db7ae4fbd1b65ea750feed50037", size = 2471065, upload-time = "2025-05-29T11:35:07.804Z" }
wheels = [
    { url = "https://files.pythonhosted.org/packages/eb/8d/776adee7bbf76365fdd7f2552710282c79a4ead5d2a46408c9043a2b70ba/networkx-3.5-py3-none-any.whl", hash = "sha256:0030d386a9a06dee3565298b4a734b68589749a544acbb6c412dc9e2489ec6ec", size = 2034406, upload-time = "2025-05-29T11:35:04.961Z" },
]

[[package]]
name = "referencing"
version = "0.36.2"
source = { registry = "https://pypi.org/simple" }
dependencies = [
    { name = "attrs" },
    { name = "rpds-py" },
    { name = "typing-extensions", marker = "python_full_version < '3.13'" },
]
sdist = { url = "https://files.pythonhosted.org/packages/2f/db/98b5c277be99dd18bfd91dd04e1b759cad18d1a338188c936e92f921c7e2/referencing-0.36.2.tar.gz", hash = "sha256:df2e89862cd09deabbdba16944cc3f10feb6b3e6f18e902f7cc25609a34775aa", size = 74744, upload-time = "2025-01-25T08:48:16.138Z" }
wheels = [
    { url = "https://files.pythonhosted.org/packages/c1/b1/3baf80dc6d2b7bc27a95a67752d0208e410351e3feb4eb78de5f77454d8d/referencing-0.36.2-py3-none-any.whl", hash = "sha256:e8699adbbf8b5c7de96d8ffa0eb5c158b3beafce084968e2ea8bb08c6794dcd0", size = 26775, upload-time = "2025-01-25T08:48:14.241Z" },
]

[[package]]
name = "rpds-py"
version = "0.25.1"
source = { registry = "https://pypi.org/simple" }
sdist = { url = "https://files.pythonhosted.org/packages/8c/a6/60184b7fc00dd3ca80ac635dd5b8577d444c57e8e8742cecabfacb829921/rpds_py-0.25.1.tar.gz", hash = "sha256:8960b6dac09b62dac26e75d7e2c4a22efb835d827a7278c34f72b2b84fa160e3", size = 27304, upload-time = "2025-05-21T12:46:12.502Z" }
wheels = [
    { url = "https://files.pythonhosted.org/packages/7f/81/28ab0408391b1dc57393653b6a0cf2014cc282cc2909e4615e63e58262be/rpds_py-0.25.1-cp312-cp312-macosx_10_12_x86_64.whl", hash = "sha256:b5ffe453cde61f73fea9430223c81d29e2fbf412a6073951102146c84e19e34c", size = 364647, upload-time = "2025-05-21T12:43:28.559Z" },
    { url = "https://files.pythonhosted.org/packages/2c/9a/7797f04cad0d5e56310e1238434f71fc6939d0bc517192a18bb99a72a95f/rpds_py-0.25.1-cp312-cp312-macosx_11_0_arm64.whl", hash = "sha256:115874ae5e2fdcfc16b2aedc95b5eef4aebe91b28e7e21951eda8a5dc0d3461b", size = 350454, upload-time = "2025-05-21T12:43:30.615Z" },
    { url = "https://files.pythonhosted.org/packages/69/3c/93d2ef941b04898011e5d6eaa56a1acf46a3b4c9f4b3ad1bbcbafa0bee1f/rpds_py-0.25.1-cp312-cp312-manylinux_2_17_aarch64.manylinux2014_aarch64.whl", hash = "sha256:a714bf6e5e81b0e570d01f56e0c89c6375101b8463999ead3a93a5d2a4af91fa", size = 389665, upload-time = "2025-05-21T12:43:32.629Z" },
    { url = "https://files.pythonhosted.org/packages/c1/57/ad0e31e928751dde8903a11102559628d24173428a0f85e25e187defb2c1/rpds_py-0.25.1-cp312-cp312-manylinux_2_17_armv7l.manylinux2014_armv7l.whl", hash = "sha256:35634369325906bcd01577da4c19e3b9541a15e99f31e91a02d010816b49bfda", size = 403873, upload-time = "2025-05-21T12:43:34.576Z" },
    { url = "https://files.pythonhosted.org/packages/16/ad/c0c652fa9bba778b4f54980a02962748479dc09632e1fd34e5282cf2556c/rpds_py-0.25.1-cp312-cp312-manylinux_2_17_ppc64le.manylinux2014_ppc64le.whl", hash = "sha256:d4cb2b3ddc16710548801c6fcc0cfcdeeff9dafbc983f77265877793f2660309", size = 525866, upload-time = "2025-05-21T12:43:36.123Z" },
    { url = "https://files.pythonhosted.org/packages/2a/39/3e1839bc527e6fcf48d5fec4770070f872cdee6c6fbc9b259932f4e88a38/rpds_py-0.25.1-cp312-cp312-manylinux_2_17_s390x.manylinux2014_s390x.whl", hash = "sha256:9ceca1cf097ed77e1a51f1dbc8d174d10cb5931c188a4505ff9f3e119dfe519b", size = 416886, upload-time = "2025-05-21T12:43:38.034Z" },
    { url = "https://files.pythonhosted.org/packages/7a/95/dd6b91cd4560da41df9d7030a038298a67d24f8ca38e150562644c829c48/rpds_py-0.25.1-cp312-cp312-manylinux_2_17_x86_64.manylinux2014_x86_64.whl", hash = "sha256:2c2cd1a4b0c2b8c5e31ffff50d09f39906fe351389ba143c195566056c13a7ea", size = 390666, upload-time = "2025-05-21T12:43:40.065Z" },
    { url = "https://files.pythonhosted.org/packages/64/48/1be88a820e7494ce0a15c2d390ccb7c52212370badabf128e6a7bb4cb802/rpds_py-0.25.1-cp312-cp312-manylinux_2_5_i686.manylinux1_i686.whl", hash = "sha256:1de336a4b164c9188cb23f3703adb74a7623ab32d20090d0e9bf499a2203ad65", size = 425109, upload-time = "2025-05-21T12:43:42.263Z" },
    { url = "https://files.pythonhosted.org/packages/cf/07/3e2a17927ef6d7720b9949ec1b37d1e963b829ad0387f7af18d923d5cfa5/rpds_py-0.25.1-cp312-cp312-musllinux_1_2_aarch64.whl", hash = "sha256:9fca84a15333e925dd59ce01da0ffe2ffe0d6e5d29a9eeba2148916d1824948c", size = 567244, upload-time = "2025-05-21T12:43:43.846Z" },
    { url = "https://files.pythonhosted.org/packages/d2/e5/76cf010998deccc4f95305d827847e2eae9c568099c06b405cf96384762b/rpds_py-0.25.1-cp312-cp312-musllinux_1_2_i686.whl", hash = "sha256:88ec04afe0c59fa64e2f6ea0dd9657e04fc83e38de90f6de201954b4d4eb59bd", size = 596023, upload-time = "2025-05-21T12:43:45.932Z" },
    { url = "https://files.pythonhosted.org/packages/52/9a/df55efd84403736ba37a5a6377b70aad0fd1cb469a9109ee8a1e21299a1c/rpds_py-0.25.1-cp312-cp312-musllinux_1_2_x86_64.whl", hash = "sha256:a8bd2f19e312ce3e1d2c635618e8a8d8132892bb746a7cf74780a489f0f6cdcb", size = 561634, upload-time = "2025-05-21T12:43:48.263Z" },
    { url = "https://files.pythonhosted.org/packages/ab/aa/dc3620dd8db84454aaf9374bd318f1aa02578bba5e567f5bf6b79492aca4/rpds_py-0.25.1-cp312-cp312-win32.whl", hash = "sha256:e5e2f7280d8d0d3ef06f3ec1b4fd598d386cc6f0721e54f09109a8132182fbfe", size = 222713, upload-time = "2025-05-21T12:43:49.897Z" },
    { url = "https://files.pythonhosted.org/packages/a3/7f/7cef485269a50ed5b4e9bae145f512d2a111ca638ae70cc101f661b4defd/rpds_py-0.25.1-cp312-cp312-win_amd64.whl", hash = "sha256:db58483f71c5db67d643857404da360dce3573031586034b7d59f245144cc192", size = 235280, upload-time = "2025-05-21T12:43:51.893Z" },
    { url = "https://files.pythonhosted.org/packages/99/f2/c2d64f6564f32af913bf5f3f7ae41c7c263c5ae4c4e8f1a17af8af66cd46/rpds_py-0.25.1-cp312-cp312-win_arm64.whl", hash = "sha256:6d50841c425d16faf3206ddbba44c21aa3310a0cebc3c1cdfc3e3f4f9f6f5728", size = 225399, upload-time = "2025-05-21T12:43:53.351Z" },
    { url = "https://files.pythonhosted.org/packages/2b/da/323848a2b62abe6a0fec16ebe199dc6889c5d0a332458da8985b2980dffe/rpds_py-0.25.1-cp313-cp313-macosx_10_12_x86_64.whl", hash = "sha256:659d87430a8c8c704d52d094f5ba6fa72ef13b4d385b7e542a08fc240cb4a559", size = 364498, upload-time = "2025-05-21T12:43:54.841Z" },
    { url = "https://files.pythonhosted.org/packages/1f/b4/4d3820f731c80fd0cd823b3e95b9963fec681ae45ba35b5281a42382c67d/rpds_py-0.25.1-cp313-cp313-macosx_11_0_arm64.whl", hash = "sha256:68f6f060f0bbdfb0245267da014d3a6da9be127fe3e8cc4a68c6f833f8a23bb1", size = 350083, upload-time = "2025-05-21T12:43:56.428Z" },
    { url = "https://files.pythonhosted.org/packages/d5/b1/3a8ee1c9d480e8493619a437dec685d005f706b69253286f50f498cbdbcf/rpds_py-0.25.1-cp313-cp313-manylinux_2_17_aarch64.manylinux2014_aarch64.whl", hash = "sha256:083a9513a33e0b92cf6e7a6366036c6bb43ea595332c1ab5c8ae329e4bcc0a9c", size = 389023, upload-time = "2025-05-21T12:43:57.995Z" },
    { url = "https://files.pythonhosted.org/packages/3b/31/17293edcfc934dc62c3bf74a0cb449ecd549531f956b72287203e6880b87/rpds_py-0.25.1-cp313-cp313-manylinux_2_17_armv7l.manylinux2014_armv7l.whl", hash = "sha256:816568614ecb22b18a010c7a12559c19f6fe993526af88e95a76d5a60b8b75fb", size = 403283, upload-time = "2025-05-21T12:43:59.546Z" },
    { url = "https://files.pythonhosted.org/packages/d1/ca/e0f0bc1a75a8925024f343258c8ecbd8828f8997ea2ac71e02f67b6f5299/rpds_py-0.25.1-cp313-cp313-manylinux_2_17_ppc64le.manylinux2014_ppc64le.whl", hash = "sha256:3c6564c0947a7f52e4792983f8e6cf9bac140438ebf81f527a21d944f2fd0a40", size = 524634, upload-time = "2025-05-21T12:44:01.087Z" },
    { url = "https://files.pythonhosted.org/packages/3e/03/5d0be919037178fff33a6672ffc0afa04ea1cfcb61afd4119d1b5280ff0f/rpds_py-0.25.1-cp313-cp313-manylinux_2_17_s390x.manylinux2014_s390x.whl", hash = "sha256:5c4a128527fe415d73cf1f70a9a688d06130d5810be69f3b553bf7b45e8acf79", size = 416233, upload-time = "2025-05-21T12:44:02.604Z" },
    { url = "https://files.pythonhosted.org/packages/05/7c/8abb70f9017a231c6c961a8941403ed6557664c0913e1bf413cbdc039e75/rpds_py-0.25.1-cp313-cp313-manylinux_2_17_x86_64.manylinux2014_x86_64.whl", hash = "sha256:a49e1d7a4978ed554f095430b89ecc23f42014a50ac385eb0c4d163ce213c325", size = 390375, upload-time = "2025-05-21T12:44:04.162Z" },
    { url = "https://files.pythonhosted.org/packages/7a/ac/a87f339f0e066b9535074a9f403b9313fd3892d4a164d5d5f5875ac9f29f/rpds_py-0.25.1-cp313-cp313-manylinux_2_5_i686.manylinux1_i686.whl", hash = "sha256:d74ec9bc0e2feb81d3f16946b005748119c0f52a153f6db6a29e8cd68636f295", size = 424537, upload-time = "2025-05-21T12:44:06.175Z" },
    { url = "https://files.pythonhosted.org/packages/1f/8f/8d5c1567eaf8c8afe98a838dd24de5013ce6e8f53a01bd47fe8bb06b5533/rpds_py-0.25.1-cp313-cp313-musllinux_1_2_aarch64.whl", hash = "sha256:3af5b4cc10fa41e5bc64e5c198a1b2d2864337f8fcbb9a67e747e34002ce812b", size = 566425, upload-time = "2025-05-21T12:44:08.242Z" },
    { url = "https://files.pythonhosted.org/packages/95/33/03016a6be5663b389c8ab0bbbcca68d9e96af14faeff0a04affcb587e776/rpds_py-0.25.1-cp313-cp313-musllinux_1_2_i686.whl", hash = "sha256:79dc317a5f1c51fd9c6a0c4f48209c6b8526d0524a6904fc1076476e79b00f98", size = 595197, upload-time = "2025-05-21T12:44:10.449Z" },
    { url = "https://files.pythonhosted.org/packages/33/8d/da9f4d3e208c82fda311bff0cf0a19579afceb77cf456e46c559a1c075ba/rpds_py-0.25.1-cp313-cp313-musllinux_1_2_x86_64.whl", hash = "sha256:1521031351865e0181bc585147624d66b3b00a84109b57fcb7a779c3ec3772cd", size = 561244, upload-time = "2025-05-21T12:44:12.387Z" },
    { url = "https://files.pythonhosted.org/packages/e2/b3/39d5dcf7c5f742ecd6dbc88f6f84ae54184b92f5f387a4053be2107b17f1/rpds_py-0.25.1-cp313-cp313-win32.whl", hash = "sha256:5d473be2b13600b93a5675d78f59e63b51b1ba2d0476893415dfbb5477e65b31", size = 222254, upload-time = "2025-05-21T12:44:14.261Z" },
    { url = "https://files.pythonhosted.org/packages/5f/19/2d6772c8eeb8302c5f834e6d0dfd83935a884e7c5ce16340c7eaf89ce925/rpds_py-0.25.1-cp313-cp313-win_amd64.whl", hash = "sha256:a7b74e92a3b212390bdce1d93da9f6488c3878c1d434c5e751cbc202c5e09500", size = 234741, upload-time = "2025-05-21T12:44:16.236Z" },
    { url = "https://files.pythonhosted.org/packages/5b/5a/145ada26cfaf86018d0eb304fe55eafdd4f0b6b84530246bb4a7c4fb5c4b/rpds_py-0.25.1-cp313-cp313-win_arm64.whl", hash = "sha256:dd326a81afe332ede08eb39ab75b301d5676802cdffd3a8f287a5f0b694dc3f5", size = 224830, upload-time = "2025-05-21T12:44:17.749Z" },
    { url = "https://files.pythonhosted.org/packages/4b/ca/d435844829c384fd2c22754ff65889c5c556a675d2ed9eb0e148435c6690/rpds_py-0.25.1-cp313-cp313t-macosx_10_12_x86_64.whl", hash = "sha256:a58d1ed49a94d4183483a3ce0af22f20318d4a1434acee255d683ad90bf78129", size = 359668, upload-time = "2025-05-21T12:44:19.322Z" },
    { url = "https://files.pythonhosted.org/packages/1f/01/b056f21db3a09f89410d493d2f6614d87bb162499f98b649d1dbd2a81988/rpds_py-0.25.1-cp313-cp313t-macosx_11_0_arm64.whl", hash = "sha256:f251bf23deb8332823aef1da169d5d89fa84c89f67bdfb566c49dea1fccfd50d", size = 345649, upload-time = "2025-05-21T12:44:20.962Z" },
    { url = "https://files.pythonhosted.org/packages/e0/0f/e0d00dc991e3d40e03ca36383b44995126c36b3eafa0ccbbd19664709c88/rpds_py-0.25.1-cp313-cp313t-manylinux_2_17_aarch64.manylinux2014_aarch64.whl", hash = "sha256:8dbd586bfa270c1103ece2109314dd423df1fa3d9719928b5d09e4840cec0d72", size = 384776, upload-time = "2025-05-21T12:44:22.516Z" },
    { url = "https://files.pythonhosted.org/packages/9f/a2/59374837f105f2ca79bde3c3cd1065b2f8c01678900924949f6392eab66d/rpds_py-0.25.1-cp313-cp313t-manylinux_2_17_armv7l.manylinux2014_armv7l.whl", hash = "sha256:6d273f136e912aa101a9274c3145dcbddbe4bac560e77e6d5b3c9f6e0ed06d34", size = 395131, upload-time = "2025-05-21T12:44:24.147Z" },
    { url = "https://files.pythonhosted.org/packages/9c/dc/48e8d84887627a0fe0bac53f0b4631e90976fd5d35fff8be66b8e4f3916b/rpds_py-0.25.1-cp313-cp313t-manylinux_2_17_ppc64le.manylinux2014_ppc64le.whl", hash = "sha256:666fa7b1bd0a3810a7f18f6d3a25ccd8866291fbbc3c9b912b917a6715874bb9", size = 520942, upload-time = "2025-05-21T12:44:25.915Z" },
    { url = "https://files.pythonhosted.org/packages/7c/f5/ee056966aeae401913d37befeeab57a4a43a4f00099e0a20297f17b8f00c/rpds_py-0.25.1-cp313-cp313t-manylinux_2_17_s390x.manylinux2014_s390x.whl", hash = "sha256:921954d7fbf3fccc7de8f717799304b14b6d9a45bbeec5a8d7408ccbf531faf5", size = 411330, upload-time = "2025-05-21T12:44:27.638Z" },
    { url = "https://files.pythonhosted.org/packages/ab/74/b2cffb46a097cefe5d17f94ede7a174184b9d158a0aeb195f39f2c0361e8/rpds_py-0.25.1-cp313-cp313t-manylinux_2_17_x86_64.manylinux2014_x86_64.whl", hash = "sha256:f3d86373ff19ca0441ebeb696ef64cb58b8b5cbacffcda5a0ec2f3911732a194", size = 387339, upload-time = "2025-05-21T12:44:29.292Z" },
    { url = "https://files.pythonhosted.org/packages/7f/9a/0ff0b375dcb5161c2b7054e7d0b7575f1680127505945f5cabaac890bc07/rpds_py-0.25.1-cp313-cp313t-manylinux_2_5_i686.manylinux1_i686.whl", hash = "sha256:c8980cde3bb8575e7c956a530f2c217c1d6aac453474bf3ea0f9c89868b531b6", size = 418077, upload-time = "2025-05-21T12:44:30.877Z" },
    { url = "https://files.pythonhosted.org/packages/0d/a1/fda629bf20d6b698ae84c7c840cfb0e9e4200f664fc96e1f456f00e4ad6e/rpds_py-0.25.1-cp313-cp313t-musllinux_1_2_aarch64.whl", hash = "sha256:8eb8c84ecea987a2523e057c0d950bcb3f789696c0499290b8d7b3107a719d78", size = 562441, upload-time = "2025-05-21T12:44:32.541Z" },
    { url = "https://files.pythonhosted.org/packages/20/15/ce4b5257f654132f326f4acd87268e1006cc071e2c59794c5bdf4bebbb51/rpds_py-0.25.1-cp313-cp313t-musllinux_1_2_i686.whl", hash = "sha256:e43a005671a9ed5a650f3bc39e4dbccd6d4326b24fb5ea8be5f3a43a6f576c72", size = 590750, upload-time = "2025-05-21T12:44:34.557Z" },
    { url = "https://files.pythonhosted.org/packages/fb/ab/e04bf58a8d375aeedb5268edcc835c6a660ebf79d4384d8e0889439448b0/rpds_py-0.25.1-cp313-cp313t-musllinux_1_2_x86_64.whl", hash = "sha256:58f77c60956501a4a627749a6dcb78dac522f249dd96b5c9f1c6af29bfacfb66", size = 558891, upload-time = "2025-05-21T12:44:37.358Z" },
    { url = "https://files.pythonhosted.org/packages/90/82/cb8c6028a6ef6cd2b7991e2e4ced01c854b6236ecf51e81b64b569c43d73/rpds_py-0.25.1-cp313-cp313t-win32.whl", hash = "sha256:2cb9e5b5e26fc02c8a4345048cd9998c2aca7c2712bd1b36da0c72ee969a3523", size = 218718, upload-time = "2025-05-21T12:44:38.969Z" },
    { url = "https://files.pythonhosted.org/packages/b6/97/5a4b59697111c89477d20ba8a44df9ca16b41e737fa569d5ae8bff99e650/rpds_py-0.25.1-cp313-cp313t-win_amd64.whl", hash = "sha256:401ca1c4a20cc0510d3435d89c069fe0a9ae2ee6495135ac46bdd49ec0495763", size = 232218, upload-time = "2025-05-21T12:44:40.512Z" },
]

[[package]]
name = "typing-extensions"
version = "4.12.2"
source = { registry = "https://pypi.org/simple" }
sdist = { url = "https://files.pythonhosted.org/packages/df/db/f35a00659bc03fec321ba8bce9420de607a1d37f8342eee1863174c69557/typing_extensions-4.12.2.tar.gz", hash = "sha256:1a7ead55c7e559dd4dee8856e3a88b41225abfe1ce8df57b7c13915fe121ffb8", size = 85321, upload-time = "2024-06-07T18:52:15.995Z" }
wheels = [
    { url = "https://files.pythonhosted.org/packages/26/9f/ad63fc0248c5379346306f8668cda6e2e2e9c95e01216d2b8ffd9ff037d0/typing_extensions-4.12.2-py3-none-any.whl", hash = "sha256:04e5ca0351e0f3f85c6853954072df659d0d13fac324d0072316b67d7794700d", size = 37438, upload-time = "2024-06-07T18:52:13.582Z" },
]
